
Microsoft Visual Studio Solution File, Format Version 12.00
# Visual Studio Version 17
VisualStudioVersion = 17.14.36310.24 d17.14
MinimumVisualStudioVersion = 10.0.40219.1
Project("{FAE04EC0-301F-11D3-BF4B-00C04F79EFBC}") = "MarcasaFoodService.Api", "MarcasaFoodService.Api\MarcasaFoodService.Api.csproj", "{D0D9C9AB-B4FF-4D8F-BF30-49B813D41F0C}"
EndProject
Global
	GlobalSection(SolutionConfigurationPlatforms) = preSolution
		Debug|Any CPU = Debug|Any CPU
		Release|Any CPU = Release|Any CPU
	EndGlobalSection
	GlobalSection(ProjectConfigurationPlatforms) = postSolution
		{D0D9C9AB-B4FF-4D8F-BF30-49B813D41F0C}.Debug|Any CPU.ActiveCfg = Debug|Any CPU
		{D0D9C9AB-B4FF-4D8F-BF30-49B813D41F0C}.Debug|Any CPU.Build.0 = Debug|Any CPU
		{D0D9C9AB-B4FF-4D8F-BF30-49B813D41F0C}.Release|Any CPU.ActiveCfg = Release|Any CPU
		{D0D9C9AB-B4FF-4D8F-BF30-49B813D41F0C}.Release|Any CPU.Build.0 = Release|Any CPU
	EndGlobalSection
	GlobalSection(SolutionProperties) = preSolution
		HideSolutionNode = FALSE
	EndGlobalSection
	GlobalSection(ExtensibilityGlobals) = postSolution
		SolutionGuid = {85F987BA-CCD4-4F11-BD5C-44E72CC162A4}
	EndGlobalSection
EndGlobal
